
Microsoft Visual Studio Solution File, Format Version 12.00
# Visual Studio Version 17
VisualStudioVersion = 17.10.35004.147
MinimumVisualStudioVersion = 10.0.40219.1
Project("{FAE04EC0-301F-11D3-BF4B-00C04F79EFBC}") = "erinaInfiniteLaughTrack", "erinaInfiniteLaughTrack\erinaInfiniteLaughTrack.csproj", "{C6163CB4-A8B5-48D2-9C08-EF2EA8B38ECA}"
EndProject
Global
	GlobalSection(SolutionConfigurationPlatforms) = preSolution
		Debug|Any CPU = Debug|Any CPU
		Release|Any CPU = Release|Any CPU
	EndGlobalSection
	GlobalSection(ProjectConfigurationPlatforms) = postSolution
		{C6163CB4-A8B5-48D2-9C08-EF2EA8B38ECA}.Debug|Any CPU.ActiveCfg = Debug|Any CPU
		{C6163CB4-A8B5-48D2-9C08-EF2EA8B38ECA}.Debug|Any CPU.Build.0 = Debug|Any CPU
		{C6163CB4-A8B5-48D2-9C08-EF2EA8B38ECA}.Release|Any CPU.ActiveCfg = Release|Any CPU
		{C6163CB4-A8B5-48D2-9C08-EF2EA8B38ECA}.Release|Any CPU.Build.0 = Release|Any CPU
	EndGlobalSection
	GlobalSection(SolutionProperties) = preSolution
		HideSolutionNode = FALSE
	EndGlobalSection
	GlobalSection(ExtensibilityGlobals) = postSolution
		SolutionGuid = {186F494A-14FD-4B82-99D6-38CA948D6312}
	EndGlobalSection
EndGlobal
